
Microsoft Visual Studio Solution File, Format Version 12.00
# Visual Studio 15
VisualStudioVersion = 15.0.27703.2026
MinimumVisualStudioVersion = 10.0.40219.1
Project("{9A19103F-16F7-4668-BE54-9A1E7A4F7556}") = "Congether.SDK.DotNet", "Congether.SDK.DotNet\Congether.SDK.DotNet.csproj", "{1813BBE3-9B98-447C-80A0-74A602130CF0}"
EndProject
Global
	GlobalSection(SolutionConfigurationPlatforms) = preSolution
		Debug|Any CPU = Debug|Any CPU
		Release|Any CPU = Release|Any CPU
	EndGlobalSection
	GlobalSection(ProjectConfigurationPlatforms) = postSolution
		{1813BBE3-9B98-447C-80A0-74A602130CF0}.Debug|Any CPU.ActiveCfg = Debug|Any CPU
		{1813BBE3-9B98-447C-80A0-74A602130CF0}.Debug|Any CPU.Build.0 = Debug|Any CPU
		{1813BBE3-9B98-447C-80A0-74A602130CF0}.Release|Any CPU.ActiveCfg = Release|Any CPU
		{1813BBE3-9B98-447C-80A0-74A602130CF0}.Release|Any CPU.Build.0 = Release|Any CPU
	EndGlobalSection
	GlobalSection(SolutionProperties) = preSolution
		HideSolutionNode = FALSE
	EndGlobalSection
	GlobalSection(ExtensibilityGlobals) = postSolution
		SolutionGuid = {AA788E6B-ABBC-478C-BBEC-C84E01CB0A9D}
	EndGlobalSection
EndGlobal
